
Microsoft Visual Studio Solution File, Format Version 12.00
# Visual Studio Version 17
VisualStudioVersion = 17.0.31912.275
MinimumVisualStudioVersion = 10.0.40219.1
Project("{FAE04EC0-301F-11D3-BF4B-00C04F79EFBC}") = "Mus-Rately.WebApp", "Mus-Rately.WebApp.csproj", "{B68EAE1A-2523-42AD-B493-A5230045FC0A}"
EndProject
Global
	GlobalSection(SolutionConfigurationPlatforms) = preSolution
		Debug|Any CPU = Debug|Any CPU
		Release|Any CPU = Release|Any CPU
	EndGlobalSection
	GlobalSection(ProjectConfigurationPlatforms) = postSolution
		{B68EAE1A-2523-42AD-B493-A5230045FC0A}.Debug|Any CPU.ActiveCfg = Debug|Any CPU
		{B68EAE1A-2523-42AD-B493-A5230045FC0A}.Debug|Any CPU.Build.0 = Debug|Any CPU
		{B68EAE1A-2523-42AD-B493-A5230045FC0A}.Release|Any CPU.ActiveCfg = Release|Any CPU
		{B68EAE1A-2523-42AD-B493-A5230045FC0A}.Release|Any CPU.Build.0 = Release|Any CPU
	EndGlobalSection
	GlobalSection(SolutionProperties) = preSolution
		HideSolutionNode = FALSE
	EndGlobalSection
	GlobalSection(ExtensibilityGlobals) = postSolution
		SolutionGuid = {B6BF101C-2D7A-42BE-9680-FCB5663BF5A9}
	EndGlobalSection
EndGlobal
